
Microsoft Visual Studio Solution File, Format Version 12.00
# Visual Studio Version 17
VisualStudioVersion = 17.7.34221.43
MinimumVisualStudioVersion = 10.0.40219.1
Project("{FAE04EC0-301F-11D3-BF4B-00C04F79EFBC}") = "WebAppTeams", "WebAppTeams\WebAppTeams.csproj", "{F5157F66-C7DF-4503-8CEB-E7827BE002ED}"
EndProject
Global
	GlobalSection(SolutionConfigurationPlatforms) = preSolution
		Debug|Any CPU = Debug|Any CPU
		Release|Any CPU = Release|Any CPU
	EndGlobalSection
	GlobalSection(ProjectConfigurationPlatforms) = postSolution
		{F5157F66-C7DF-4503-8CEB-E7827BE002ED}.Debug|Any CPU.ActiveCfg = Debug|Any CPU
		{F5157F66-C7DF-4503-8CEB-E7827BE002ED}.Debug|Any CPU.Build.0 = Debug|Any CPU
		{F5157F66-C7DF-4503-8CEB-E7827BE002ED}.Release|Any CPU.ActiveCfg = Release|Any CPU
		{F5157F66-C7DF-4503-8CEB-E7827BE002ED}.Release|Any CPU.Build.0 = Release|Any CPU
	EndGlobalSection
	GlobalSection(SolutionProperties) = preSolution
		HideSolutionNode = FALSE
	EndGlobalSection
	GlobalSection(ExtensibilityGlobals) = postSolution
		SolutionGuid = {574117BD-93AC-4A30-9782-8F621F9331D5}
	EndGlobalSection
EndGlobal
